
Microsoft Visual Studio Solution File, Format Version 12.00
# Visual Studio Version 17
VisualStudioVersion = 17.11.35208.52
MinimumVisualStudioVersion = 10.0.40219.1
Project("{FAE04EC0-301F-11D3-BF4B-00C04F79EFBC}") = "SEHRS", "SEHRS.csproj", "{CC2745C8-67A2-4EEB-B634-B731DF622BD1}"
EndProject
Global
	GlobalSection(SolutionConfigurationPlatforms) = preSolution
		Debug|Any CPU = Debug|Any CPU
		Release|Any CPU = Release|Any CPU
	EndGlobalSection
	GlobalSection(ProjectConfigurationPlatforms) = postSolution
		{CC2745C8-67A2-4EEB-B634-B731DF622BD1}.Debug|Any CPU.ActiveCfg = Debug|Any CPU
		{CC2745C8-67A2-4EEB-B634-B731DF622BD1}.Debug|Any CPU.Build.0 = Debug|Any CPU
		{CC2745C8-67A2-4EEB-B634-B731DF622BD1}.Release|Any CPU.ActiveCfg = Release|Any CPU
		{CC2745C8-67A2-4EEB-B634-B731DF622BD1}.Release|Any CPU.Build.0 = Release|Any CPU
	EndGlobalSection
	GlobalSection(SolutionProperties) = preSolution
		HideSolutionNode = FALSE
	EndGlobalSection
	GlobalSection(ExtensibilityGlobals) = postSolution
		SolutionGuid = {ABB85DA1-D334-444D-BD11-DD9E7CFA0C7F}
	EndGlobalSection
EndGlobal
